// !$*UTF8*$!
{
	archiveVersion = 1;
	classes = {
	};
	objectVersion = 56;
	objects = {

/* Begin PBXBuildFile section */
		AC146F3B2D0F30CD00081473 /* GeneratedCVViewController.swift in Sources */ = {isa = PBXBuildFile; fileRef = AC146F3A2D0F30CD00081473 /* GeneratedCVViewController.swift */; };
		AC8559572D0F227B002DD57D /* GradientView.swift in Sources */ = {isa = PBXBuildFile; fileRef = AC8559562D0F227B002DD57D /* GradientView.swift */; };
		C311BCD22CFF3C470063F268 /* FirebaseDatabase in Frameworks */ = {isa = PBXBuildFile; productRef = C311BCD12CFF3C470063F268 /* FirebaseDatabase */; };
		C311BCD42CFF3E0E0063F268 /* SignupViewController.swift in Sources */ = {isa = PBXBuildFile; fileRef = C311BCD32CFF3E0E0063F268 /* SignupViewController.swift */; };
		C311BCD62CFF3E980063F268 /* LoginViewController.swift in Sources */ = {isa = PBXBuildFile; fileRef = C311BCD52CFF3E980063F268 /* LoginViewController.swift */; };
		C31E7C1D2D056C090022CD6B /* GoogleService-Info.plist in Resources */ = {isa = PBXBuildFile; fileRef = C31E7C1C2D056C090022CD6B /* GoogleService-Info.plist */; };
		C345BACC2D0B351900205693 /* CVToolViewController.swift in Sources */ = {isa = PBXBuildFile; fileRef = C345BACB2D0B351900205693 /* CVToolViewController.swift */; };
		C345BACE2D0B3A8700205693 /* InterestsViewController.swift in Sources */ = {isa = PBXBuildFile; fileRef = C345BACD2D0B3A8700205693 /* InterestsViewController.swift */; };
		C345BAD42D0B403200205693 /* SkillsViewController.swift in Sources */ = {isa = PBXBuildFile; fileRef = C345BAD32D0B403200205693 /* SkillsViewController.swift */; };
		C345BAD82D0B49F100205693 /* WorkEXPViewController.swift in Sources */ = {isa = PBXBuildFile; fileRef = C345BAD72D0B49F100205693 /* WorkEXPViewController.swift */; };
		C3A8360F2CFC6BF200A1AFB2 /* FirebaseCore in Frameworks */ = {isa = PBXBuildFile; productRef = C3A8360E2CFC6BF200A1AFB2 /* FirebaseCore */; };
		C3A836112CFC6C0200A1AFB2 /* FirebaseAnalyticsWithoutAdIdSupport in Frameworks */ = {isa = PBXBuildFile; productRef = C3A836102CFC6C0200A1AFB2 /* FirebaseAnalyticsWithoutAdIdSupport */; };
		C3A836132CFC6C0600A1AFB2 /* FirebaseAnalytics in Frameworks */ = {isa = PBXBuildFile; productRef = C3A836122CFC6C0600A1AFB2 /* FirebaseAnalytics */; };
		C3A836152CFC6C0A00A1AFB2 /* FirebaseAuth in Frameworks */ = {isa = PBXBuildFile; productRef = C3A836142CFC6C0A00A1AFB2 /* FirebaseAuth */; };
		C3F131EA2D0AF55600861187 /* TabBarViewController.swift in Sources */ = {isa = PBXBuildFile; fileRef = C3F131E92D0AF55600861187 /* TabBarViewController.swift */; };
		C3F132002D0B20A900861187 /* AboutMeViewController.swift in Sources */ = {isa = PBXBuildFile; fileRef = C3F131FF2D0B20A900861187 /* AboutMeViewController.swift */; };
		CF18169B2D097C8C00D0162A /* SettingsViewController.swift in Sources */ = {isa = PBXBuildFile; fileRef = CF18169A2D097C8C00D0162A /* SettingsViewController.swift */; };
		D43E517B2CF5EA3600916325 /* AppDelegate.swift in Sources */ = {isa = PBXBuildFile; fileRef = D43E517A2CF5EA3600916325 /* AppDelegate.swift */; };
		D43E517D2CF5EA3600916325 /* SceneDelegate.swift in Sources */ = {isa = PBXBuildFile; fileRef = D43E517C2CF5EA3600916325 /* SceneDelegate.swift */; };
		D43E517F2CF5EA3600916325 /* ViewController.swift in Sources */ = {isa = PBXBuildFile; fileRef = D43E517E2CF5EA3600916325 /* ViewController.swift */; };
		D43E51822CF5EA3600916325 /* Main.storyboard in Resources */ = {isa = PBXBuildFile; fileRef = D43E51802CF5EA3600916325 /* Main.storyboard */; };
		D43E51842CF5EA3800916325 /* Assets.xcassets in Resources */ = {isa = PBXBuildFile; fileRef = D43E51832CF5EA3800916325 /* Assets.xcassets */; };
		D43E51872CF5EA3800916325 /* LaunchScreen.storyboard in Resources */ = {isa = PBXBuildFile; fileRef = D43E51852CF5EA3800916325 /* LaunchScreen.storyboard */; };
		D43E51922CF5EA3800916325 /* BetterJobzAppTests.swift in Sources */ = {isa = PBXBuildFile; fileRef = D43E51912CF5EA3800916325 /* BetterJobzAppTests.swift */; };
		D43E519C2CF5EA3800916325 /* BetterJobzAppUITests.swift in Sources */ = {isa = PBXBuildFile; fileRef = D43E519B2CF5EA3800916325 /* BetterJobzAppUITests.swift */; };
		D43E519E2CF5EA3800916325 /* BetterJobzAppUITestsLaunchTests.swift in Sources */ = {isa = PBXBuildFile; fileRef = D43E519D2CF5EA3800916325 /* BetterJobzAppUITestsLaunchTests.swift */; };
		D43E51AD2CF5EE2000916325 /* CVtoolStoryboard.storyboard in Resources */ = {isa = PBXBuildFile; fileRef = D43E51AC2CF5EE2000916325 /* CVtoolStoryboard.storyboard */; };
		D43E51AF2CF5EE2F00916325 /* ProfileStoryBoard.storyboard in Resources */ = {isa = PBXBuildFile; fileRef = D43E51AE2CF5EE2F00916325 /* ProfileStoryBoard.storyboard */; };
		D43E51B12CF5EE4300916325 /* SettingsStoryBoard.storyboard in Resources */ = {isa = PBXBuildFile; fileRef = D43E51B02CF5EE4300916325 /* SettingsStoryBoard.storyboard */; };
		D43E51B32CF5EEC800916325 /* EmpDashboardStroryBoard.storyboard in Resources */ = {isa = PBXBuildFile; fileRef = D43E51B22CF5EEC800916325 /* EmpDashboardStroryBoard.storyboard */; };
		D43E51B52CF5EEE500916325 /* EmpProfileStoryBoard.storyboard in Resources */ = {isa = PBXBuildFile; fileRef = D43E51B42CF5EEE500916325 /* EmpProfileStoryBoard.storyboard */; };
		D43E51B72CF5EF0900916325 /* JobPostingStoryboard.storyboard in Resources */ = {isa = PBXBuildFile; fileRef = D43E51B62CF5EF0900916325 /* JobPostingStoryboard.storyboard */; };
		D43E51B92CF6064200916325 /* DashboardStoryBoard.storyboard in Resources */ = {isa = PBXBuildFile; fileRef = D43E51B82CF6064200916325 /* DashboardStoryBoard.storyboard */; };
		D43E51BF2CF614D900916325 /* DashboardViewController.swift in Sources */ = {isa = PBXBuildFile; fileRef = D43E51BE2CF614D900916325 /* DashboardViewController.swift */; };
/* End PBXBuildFile section */

/* Begin PBXContainerItemProxy section */
		D43E518E2CF5EA3800916325 /* PBXContainerItemProxy */ = {
			isa = PBXContainerItemProxy;
			containerPortal = D43E516F2CF5EA3600916325 /* Project object */;
			proxyType = 1;
			remoteGlobalIDString = D43E51762CF5EA3600916325;
			remoteInfo = BetterJobzApp;
		};
		D43E51982CF5EA3800916325 /* PBXContainerItemProxy */ = {
			isa = PBXContainerItemProxy;
			containerPortal = D43E516F2CF5EA3600916325 /* Project object */;
			proxyType = 1;
			remoteGlobalIDString = D43E51762CF5EA3600916325;
			remoteInfo = BetterJobzApp;
		};
/* End PBXContainerItemProxy section */

/* Begin PBXFileReference section */
		AC146F3A2D0F30CD00081473 /* GeneratedCVViewController.swift */ = {isa = PBXFileReference; lastKnownFileType = sourcecode.swift; path = GeneratedCVViewController.swift; sourceTree = "<group>"; };
		AC8559562D0F227B002DD57D /* GradientView.swift */ = {isa = PBXFileReference; lastKnownFileType = sourcecode.swift; path = GradientView.swift; sourceTree = "<group>"; };
		C311BCD32CFF3E0E0063F268 /* SignupViewController.swift */ = {isa = PBXFileReference; lastKnownFileType = sourcecode.swift; path = SignupViewController.swift; sourceTree = "<group>"; };
		C311BCD52CFF3E980063F268 /* LoginViewController.swift */ = {isa = PBXFileReference; lastKnownFileType = sourcecode.swift; path = LoginViewController.swift; sourceTree = "<group>"; };
		C31E7C1C2D056C090022CD6B /* GoogleService-Info.plist */ = {isa = PBXFileReference; fileEncoding = 4; lastKnownFileType = text.plist.xml; path = "GoogleService-Info.plist"; sourceTree = "<group>"; };
		C345BACB2D0B351900205693 /* CVToolViewController.swift */ = {isa = PBXFileReference; lastKnownFileType = sourcecode.swift; path = CVToolViewController.swift; sourceTree = "<group>"; };
		C345BACD2D0B3A8700205693 /* InterestsViewController.swift */ = {isa = PBXFileReference; lastKnownFileType = sourcecode.swift; path = InterestsViewController.swift; sourceTree = "<group>"; };
		C345BAD32D0B403200205693 /* SkillsViewController.swift */ = {isa = PBXFileReference; lastKnownFileType = sourcecode.swift; path = SkillsViewController.swift; sourceTree = "<group>"; };
		C345BAD72D0B49F100205693 /* WorkEXPViewController.swift */ = {isa = PBXFileReference; lastKnownFileType = sourcecode.swift; path = WorkEXPViewController.swift; sourceTree = "<group>"; };
		C3F131E92D0AF55600861187 /* TabBarViewController.swift */ = {isa = PBXFileReference; lastKnownFileType = sourcecode.swift; path = TabBarViewController.swift; sourceTree = "<group>"; };
		C3F131FF2D0B20A900861187 /* AboutMeViewController.swift */ = {isa = PBXFileReference; lastKnownFileType = sourcecode.swift; path = AboutMeViewController.swift; sourceTree = "<group>"; };
		CF18169A2D097C8C00D0162A /* SettingsViewController.swift */ = {isa = PBXFileReference; lastKnownFileType = sourcecode.swift; path = SettingsViewController.swift; sourceTree = "<group>"; };
		D43E51772CF5EA3600916325 /* BetterJobzApp.app */ = {isa = PBXFileReference; explicitFileType = wrapper.application; includeInIndex = 0; path = BetterJobzApp.app; sourceTree = BUILT_PRODUCTS_DIR; };
		D43E517A2CF5EA3600916325 /* AppDelegate.swift */ = {isa = PBXFileReference; lastKnownFileType = sourcecode.swift; path = AppDelegate.swift; sourceTree = "<group>"; };
		D43E517C2CF5EA3600916325 /* SceneDelegate.swift */ = {isa = PBXFileReference; lastKnownFileType = sourcecode.swift; path = SceneDelegate.swift; sourceTree = "<group>"; };
		D43E517E2CF5EA3600916325 /* ViewController.swift */ = {isa = PBXFileReference; lastKnownFileType = sourcecode.swift; path = ViewController.swift; sourceTree = "<group>"; };
		D43E51812CF5EA3600916325 /* Base */ = {isa = PBXFileReference; lastKnownFileType = file.storyboard; name = Base; path = Base.lproj/Main.storyboard; sourceTree = "<group>"; };
		D43E51832CF5EA3800916325 /* Assets.xcassets */ = {isa = PBXFileReference; lastKnownFileType = folder.assetcatalog; path = Assets.xcassets; sourceTree = "<group>"; };
		D43E51862CF5EA3800916325 /* Base */ = {isa = PBXFileReference; lastKnownFileType = file.storyboard; name = Base; path = Base.lproj/LaunchScreen.storyboard; sourceTree = "<group>"; };
		D43E51882CF5EA3800916325 /* Info.plist */ = {isa = PBXFileReference; lastKnownFileType = text.plist.xml; path = Info.plist; sourceTree = "<group>"; };
		D43E518D2CF5EA3800916325 /* BetterJobzAppTests.xctest */ = {isa = PBXFileReference; explicitFileType = wrapper.cfbundle; includeInIndex = 0; path = BetterJobzAppTests.xctest; sourceTree = BUILT_PRODUCTS_DIR; };
		D43E51912CF5EA3800916325 /* BetterJobzAppTests.swift */ = {isa = PBXFileReference; lastKnownFileType = sourcecode.swift; path = BetterJobzAppTests.swift; sourceTree = "<group>"; };
		D43E51972CF5EA3800916325 /* BetterJobzAppUITests.xctest */ = {isa = PBXFileReference; explicitFileType = wrapper.cfbundle; includeInIndex = 0; path = BetterJobzAppUITests.xctest; sourceTree = BUILT_PRODUCTS_DIR; };
		D43E519B2CF5EA3800916325 /* BetterJobzAppUITests.swift */ = {isa = PBXFileReference; lastKnownFileType = sourcecode.swift; path = BetterJobzAppUITests.swift; sourceTree = "<group>"; };
		D43E519D2CF5EA3800916325 /* BetterJobzAppUITestsLaunchTests.swift */ = {isa = PBXFileReference; lastKnownFileType = sourcecode.swift; path = BetterJobzAppUITestsLaunchTests.swift; sourceTree = "<group>"; };
		D43E51AC2CF5EE2000916325 /* CVtoolStoryboard.storyboard */ = {isa = PBXFileReference; lastKnownFileType = file.storyboard; path = CVtoolStoryboard.storyboard; sourceTree = "<group>"; };
		D43E51AE2CF5EE2F00916325 /* ProfileStoryBoard.storyboard */ = {isa = PBXFileReference; lastKnownFileType = file.storyboard; path = ProfileStoryBoard.storyboard; sourceTree = "<group>"; };
		D43E51B02CF5EE4300916325 /* SettingsStoryBoard.storyboard */ = {isa = PBXFileReference; lastKnownFileType = file.storyboard; path = SettingsStoryBoard.storyboard; sourceTree = "<group>"; };
		D43E51B22CF5EEC800916325 /* EmpDashboardStroryBoard.storyboard */ = {isa = PBXFileReference; lastKnownFileType = file.storyboard; path = EmpDashboardStroryBoard.storyboard; sourceTree = "<group>"; };
		D43E51B42CF5EEE500916325 /* EmpProfileStoryBoard.storyboard */ = {isa = PBXFileReference; lastKnownFileType = file.storyboard; path = EmpProfileStoryBoard.storyboard; sourceTree = "<group>"; };
		D43E51B62CF5EF0900916325 /* JobPostingStoryboard.storyboard */ = {isa = PBXFileReference; lastKnownFileType = file.storyboard; path = JobPostingStoryboard.storyboard; sourceTree = "<group>"; };
		D43E51B82CF6064200916325 /* DashboardStoryBoard.storyboard */ = {isa = PBXFileReference; lastKnownFileType = file.storyboard; path = DashboardStoryBoard.storyboard; sourceTree = "<group>"; };
		D43E51BE2CF614D900916325 /* DashboardViewController.swift */ = {isa = PBXFileReference; lastKnownFileType = sourcecode.swift; path = DashboardViewController.swift; sourceTree = "<group>"; };
/* End PBXFileReference section */

/* Begin PBXFrameworksBuildPhase section */
		D43E51742CF5EA3600916325 /* Frameworks */ = {
			isa = PBXFrameworksBuildPhase;
			buildActionMask = 2147483647;
			files = (
				C311BCD22CFF3C470063F268 /* FirebaseDatabase in Frameworks */,
				C3A8360F2CFC6BF200A1AFB2 /* FirebaseCore in Frameworks */,
				C3A836112CFC6C0200A1AFB2 /* FirebaseAnalyticsWithoutAdIdSupport in Frameworks */,
				C3A836132CFC6C0600A1AFB2 /* FirebaseAnalytics in Frameworks */,
				C3A836152CFC6C0A00A1AFB2 /* FirebaseAuth in Frameworks */,
			);
			runOnlyForDeploymentPostprocessing = 0;
		};
		D43E518A2CF5EA3800916325 /* Frameworks */ = {
			isa = PBXFrameworksBuildPhase;
			buildActionMask = 2147483647;
			files = (
			);
			runOnlyForDeploymentPostprocessing = 0;
		};
		D43E51942CF5EA3800916325 /* Frameworks */ = {
			isa = PBXFrameworksBuildPhase;
			buildActionMask = 2147483647;
			files = (
			);
			runOnlyForDeploymentPostprocessing = 0;
		};
/* End PBXFrameworksBuildPhase section */

/* Begin PBXGroup section */
		C3A8360D2CFC6BF200A1AFB2 /* Frameworks */ = {
			isa = PBXGroup;
			children = (
			);
			name = Frameworks;
			sourceTree = "<group>";
		};
		D43E516E2CF5EA3600916325 = {
			isa = PBXGroup;
			children = (
				D43E51792CF5EA3600916325 /* BetterJobzApp */,
				D43E51902CF5EA3800916325 /* BetterJobzAppTests */,
				D43E519A2CF5EA3800916325 /* BetterJobzAppUITests */,
				D43E51782CF5EA3600916325 /* Products */,
				C3A8360D2CFC6BF200A1AFB2 /* Frameworks */,
			);
			sourceTree = "<group>";
		};
		D43E51782CF5EA3600916325 /* Products */ = {
			isa = PBXGroup;
			children = (
				D43E51772CF5EA3600916325 /* BetterJobzApp.app */,
				D43E518D2CF5EA3800916325 /* BetterJobzAppTests.xctest */,
				D43E51972CF5EA3800916325 /* BetterJobzAppUITests.xctest */,
			);
			name = Products;
			sourceTree = "<group>";
		};
		D43E51792CF5EA3600916325 /* BetterJobzApp */ = {
			isa = PBXGroup;
			children = (
				D43E517A2CF5EA3600916325 /* AppDelegate.swift */,
				D43E517C2CF5EA3600916325 /* SceneDelegate.swift */,
				D43E517E2CF5EA3600916325 /* ViewController.swift */,
				D43E51852CF5EA3800916325 /* LaunchScreen.storyboard */,
				D43E51802CF5EA3600916325 /* Main.storyboard */,
				D43E51B82CF6064200916325 /* DashboardStoryBoard.storyboard */,
				D43E51AC2CF5EE2000916325 /* CVtoolStoryboard.storyboard */,
				AC146F3A2D0F30CD00081473 /* GeneratedCVViewController.swift */,
				D43E51AE2CF5EE2F00916325 /* ProfileStoryBoard.storyboard */,
				D43E51B02CF5EE4300916325 /* SettingsStoryBoard.storyboard */,
				C3F131E92D0AF55600861187 /* TabBarViewController.swift */,
				CF18169A2D097C8C00D0162A /* SettingsViewController.swift */,
				C345BACD2D0B3A8700205693 /* InterestsViewController.swift */,
				C345BACB2D0B351900205693 /* CVToolViewController.swift */,
				C3F131FF2D0B20A900861187 /* AboutMeViewController.swift */,
				C311BCD52CFF3E980063F268 /* LoginViewController.swift */,
				C311BCD32CFF3E0E0063F268 /* SignupViewController.swift */,
				D43E51BE2CF614D900916325 /* DashboardViewController.swift */,
				AC8559562D0F227B002DD57D /* GradientView.swift */,
				D43E51B42CF5EEE500916325 /* EmpProfileStoryBoard.storyboard */,
				D43E51B22CF5EEC800916325 /* EmpDashboardStroryBoard.storyboard */,
				D43E51B62CF5EF0900916325 /* JobPostingStoryboard.storyboard */,
				D43E51832CF5EA3800916325 /* Assets.xcassets */,
				C31E7C1C2D056C090022CD6B /* GoogleService-Info.plist */,
				D43E51882CF5EA3800916325 /* Info.plist */,
				C345BAD32D0B403200205693 /* SkillsViewController.swift */,
				C345BAD72D0B49F100205693 /* WorkEXPViewController.swift */,
			);
			path = BetterJobzApp;
			sourceTree = "<group>";
		};
		D43E51902CF5EA3800916325 /* BetterJobzAppTests */ = {
			isa = PBXGroup;
			children = (
				D43E51912CF5EA3800916325 /* BetterJobzAppTests.swift */,
			);
			path = BetterJobzAppTests;
			sourceTree = "<group>";
		};
		D43E519A2CF5EA3800916325 /* BetterJobzAppUITests */ = {
			isa = PBXGroup;
			children = (
				D43E519B2CF5EA3800916325 /* BetterJobzAppUITests.swift */,
				D43E519D2CF5EA3800916325 /* BetterJobzAppUITestsLaunchTests.swift */,
			);
			path = BetterJobzAppUITests;
			sourceTree = "<group>";
		};
/* End PBXGroup section */

/* Begin PBXNativeTarget section */
		D43E51762CF5EA3600916325 /* BetterJobzApp */ = {
			isa = PBXNativeTarget;
			buildConfigurationList = D43E51A12CF5EA3800916325 /* Build configuration list for PBXNativeTarget "BetterJobzApp" */;
			buildPhases = (
				D43E51732CF5EA3600916325 /* Sources */,
				D43E51742CF5EA3600916325 /* Frameworks */,
				D43E51752CF5EA3600916325 /* Resources */,
			);
			buildRules = (
			);
			dependencies = (
			);
			name = BetterJobzApp;
			packageProductDependencies = (
				C3A8360E2CFC6BF200A1AFB2 /* FirebaseCore */,
				C3A836102CFC6C0200A1AFB2 /* FirebaseAnalyticsWithoutAdIdSupport */,
				C3A836122CFC6C0600A1AFB2 /* FirebaseAnalytics */,
				C3A836142CFC6C0A00A1AFB2 /* FirebaseAuth */,
				C311BCD12CFF3C470063F268 /* FirebaseDatabase */,
			);
			productName = BetterJobzApp;
			productReference = D43E51772CF5EA3600916325 /* BetterJobzApp.app */;
			productType = "com.apple.product-type.application";
		};
		D43E518C2CF5EA3800916325 /* BetterJobzAppTests */ = {
			isa = PBXNativeTarget;
			buildConfigurationList = D43E51A42CF5EA3800916325 /* Build configuration list for PBXNativeTarget "BetterJobzAppTests" */;
			buildPhases = (
				D43E51892CF5EA3800916325 /* Sources */,
				D43E518A2CF5EA3800916325 /* Frameworks */,
				D43E518B2CF5EA3800916325 /* Resources */,
			);
			buildRules = (
			);
			dependencies = (
				D43E518F2CF5EA3800916325 /* PBXTargetDependency */,
			);
			name = BetterJobzAppTests;
			productName = BetterJobzAppTests;
			productReference = D43E518D2CF5EA3800916325 /* BetterJobzAppTests.xctest */;
			productType = "com.apple.product-type.bundle.unit-test";
		};
		D43E51962CF5EA3800916325 /* BetterJobzAppUITests */ = {
			isa = PBXNativeTarget;
			buildConfigurationList = D43E51A72CF5EA3800916325 /* Build configuration list for PBXNativeTarget "BetterJobzAppUITests" */;
			buildPhases = (
				D43E51932CF5EA3800916325 /* Sources */,
				D43E51942CF5EA3800916325 /* Frameworks */,
				D43E51952CF5EA3800916325 /* Resources */,
			);
			buildRules = (
			);
			dependencies = (
				D43E51992CF5EA3800916325 /* PBXTargetDependency */,
			);
			name = BetterJobzAppUITests;
			productName = BetterJobzAppUITests;
			productReference = D43E51972CF5EA3800916325 /* BetterJobzAppUITests.xctest */;
			productType = "com.apple.product-type.bundle.ui-testing";
		};
/* End PBXNativeTarget section */

/* Begin PBXProject section */
		D43E516F2CF5EA3600916325 /* Project object */ = {
			isa = PBXProject;
			attributes = {
				BuildIndependentTargetsInParallel = 1;
				LastSwiftUpdateCheck = 1520;
				LastUpgradeCheck = 1520;
				TargetAttributes = {
					D43E51762CF5EA3600916325 = {
						CreatedOnToolsVersion = 15.2;
					};
					D43E518C2CF5EA3800916325 = {
						CreatedOnToolsVersion = 15.2;
						TestTargetID = D43E51762CF5EA3600916325;
					};
					D43E51962CF5EA3800916325 = {
						CreatedOnToolsVersion = 15.2;
						TestTargetID = D43E51762CF5EA3600916325;
					};
				};
			};
			buildConfigurationList = D43E51722CF5EA3600916325 /* Build configuration list for PBXProject "BetterJobzApp" */;
			compatibilityVersion = "Xcode 14.0";
			developmentRegion = en;
			hasScannedForEncodings = 0;
			knownRegions = (
				en,
				Base,
			);
			mainGroup = D43E516E2CF5EA3600916325;
			packageReferences = (
				C3A8360C2CFC6AEE00A1AFB2 /* XCRemoteSwiftPackageReference "firebase-ios-sdk" */,
			);
			productRefGroup = D43E51782CF5EA3600916325 /* Products */;
			projectDirPath = "";
			projectRoot = "";
			targets = (
				D43E51762CF5EA3600916325 /* BetterJobzApp */,
				D43E518C2CF5EA3800916325 /* BetterJobzAppTests */,
				D43E51962CF5EA3800916325 /* BetterJobzAppUITests */,
			);
		};
/* End PBXProject section */

/* Begin PBXResourcesBuildPhase section */
		D43E51752CF5EA3600916325 /* Resources */ = {
			isa = PBXResourcesBuildPhase;
			buildActionMask = 2147483647;
			files = (
				D43E51872CF5EA3800916325 /* LaunchScreen.storyboard in Resources */,
				D43E51842CF5EA3800916325 /* Assets.xcassets in Resources */,
				D43E51B72CF5EF0900916325 /* JobPostingStoryboard.storyboard in Resources */,
				D43E51B52CF5EEE500916325 /* EmpProfileStoryBoard.storyboard in Resources */,
				D43E51822CF5EA3600916325 /* Main.storyboard in Resources */,
				D43E51B12CF5EE4300916325 /* SettingsStoryBoard.storyboard in Resources */,
				D43E51B92CF6064200916325 /* DashboardStoryBoard.storyboard in Resources */,
				D43E51AD2CF5EE2000916325 /* CVtoolStoryboard.storyboard in Resources */,
				C31E7C1D2D056C090022CD6B /* GoogleService-Info.plist in Resources */,
				D43E51B32CF5EEC800916325 /* EmpDashboardStroryBoard.storyboard in Resources */,
				D43E51AF2CF5EE2F00916325 /* ProfileStoryBoard.storyboard in Resources */,
			);
			runOnlyForDeploymentPostprocessing = 0;
		};
		D43E518B2CF5EA3800916325 /* Resources */ = {
			isa = PBXResourcesBuildPhase;
			buildActionMask = 2147483647;
			files = (
			);
			runOnlyForDeploymentPostprocessing = 0;
		};
		D43E51952CF5EA3800916325 /* Resources */ = {
			isa = PBXResourcesBuildPhase;
			buildActionMask = 2147483647;
			files = (
			);
			runOnlyForDeploymentPostprocessing = 0;
		};
/* End PBXResourcesBuildPhase section */

/* Begin PBXSourcesBuildPhase section */
		D43E51732CF5EA3600916325 /* Sources */ = {
			isa = PBXSourcesBuildPhase;
			buildActionMask = 2147483647;
			files = (
				C311BCD62CFF3E980063F268 /* LoginViewController.swift in Sources */,
				C311BCD42CFF3E0E0063F268 /* SignupViewController.swift in Sources */,
				AC8559572D0F227B002DD57D /* GradientView.swift in Sources */,
				D43E517F2CF5EA3600916325 /* ViewController.swift in Sources */,
				D43E517B2CF5EA3600916325 /* AppDelegate.swift in Sources */,
				C345BACE2D0B3A8700205693 /* InterestsViewController.swift in Sources */,
				D43E51BF2CF614D900916325 /* DashboardViewController.swift in Sources */,
				C345BACC2D0B351900205693 /* CVToolViewController.swift in Sources */,
				AC146F3B2D0F30CD00081473 /* GeneratedCVViewController.swift in Sources */,
				C345BAD42D0B403200205693 /* SkillsViewController.swift in Sources */,
				C345BAD82D0B49F100205693 /* WorkEXPViewController.swift in Sources */,
				D43E517D2CF5EA3600916325 /* SceneDelegate.swift in Sources */,
				C3F131EA2D0AF55600861187 /* TabBarViewController.swift in Sources */,
				CF18169B2D097C8C00D0162A /* SettingsViewController.swift in Sources */,
				C3F132002D0B20A900861187 /* AboutMeViewController.swift in Sources */,
			);
			runOnlyForDeploymentPostprocessing = 0;
		};
		D43E51892CF5EA3800916325 /* Sources */ = {
			isa = PBXSourcesBuildPhase;
			buildActionMask = 2147483647;
			files = (
				D43E51922CF5EA3800916325 /* BetterJobzAppTests.swift in Sources */,
			);
			runOnlyForDeploymentPostprocessing = 0;
		};
		D43E51932CF5EA3800916325 /* Sources */ = {
			isa = PBXSourcesBuildPhase;
			buildActionMask = 2147483647;
			files = (
				D43E519C2CF5EA3800916325 /* BetterJobzAppUITests.swift in Sources */,
				D43E519E2CF5EA3800916325 /* BetterJobzAppUITestsLaunchTests.swift in Sources */,
			);
			runOnlyForDeploymentPostprocessing = 0;
		};
/* End PBXSourcesBuildPhase section */

/* Begin PBXTargetDependency section */
		D43E518F2CF5EA3800916325 /* PBXTargetDependency */ = {
			isa = PBXTargetDependency;
			target = D43E51762CF5EA3600916325 /* BetterJobzApp */;
			targetProxy = D43E518E2CF5EA3800916325 /* PBXContainerItemProxy */;
		};
		D43E51992CF5EA3800916325 /* PBXTargetDependency */ = {
			isa = PBXTargetDependency;
			target = D43E51762CF5EA3600916325 /* BetterJobzApp */;
			targetProxy = D43E51982CF5EA3800916325 /* PBXContainerItemProxy */;
		};
/* End PBXTargetDependency section */

/* Begin PBXVariantGroup section */
		D43E51802CF5EA3600916325 /* Main.storyboard */ = {
			isa = PBXVariantGroup;
			children = (
				D43E51812CF5EA3600916325 /* Base */,
			);
			name = Main.storyboard;
			sourceTree = "<group>";
		};
		D43E51852CF5EA3800916325 /* LaunchScreen.storyboard */ = {
			isa = PBXVariantGroup;
			children = (
				D43E51862CF5EA3800916325 /* Base */,
			);
			name = LaunchScreen.storyboard;
			sourceTree = "<group>";
		};
/* End PBXVariantGroup section */

/* Begin XCBuildConfiguration section */
		D43E519F2CF5EA3800916325 /* Debug */ = {
			isa = XCBuildConfiguration;
			buildSettings = {
				ALWAYS_SEARCH_USER_PATHS = NO;
				ASSETCATALOG_COMPILER_GENERATE_SWIFT_ASSET_SYMBOL_EXTENSIONS = YES;
				CLANG_ANALYZER_NONNULL = YES;
				CLANG_ANALYZER_NUMBER_OBJECT_CONVERSION = YES_AGGRESSIVE;
				CLANG_CXX_LANGUAGE_STANDARD = "gnu++20";
				CLANG_ENABLE_MODULES = YES;
				CLANG_ENABLE_OBJC_ARC = YES;
				CLANG_ENABLE_OBJC_WEAK = YES;
				CLANG_WARN_BLOCK_CAPTURE_AUTORELEASING = YES;
				CLANG_WARN_BOOL_CONVERSION = YES;
				CLANG_WARN_COMMA = YES;
				CLANG_WARN_CONSTANT_CONVERSION = YES;
				CLANG_WARN_DEPRECATED_OBJC_IMPLEMENTATIONS = YES;
				CLANG_WARN_DIRECT_OBJC_ISA_USAGE = YES_ERROR;
				CLANG_WARN_DOCUMENTATION_COMMENTS = YES;
				CLANG_WARN_EMPTY_BODY = YES;
				CLANG_WARN_ENUM_CONVERSION = YES;
				CLANG_WARN_INFINITE_RECURSION = YES;
				CLANG_WARN_INT_CONVERSION = YES;
				CLANG_WARN_NON_LITERAL_NULL_CONVERSION = YES;
				CLANG_WARN_OBJC_IMPLICIT_RETAIN_SELF = YES;
				CLANG_WARN_OBJC_LITERAL_CONVERSION = YES;
				CLANG_WARN_OBJC_ROOT_CLASS = YES_ERROR;
				CLANG_WARN_QUOTED_INCLUDE_IN_FRAMEWORK_HEADER = YES;
				CLANG_WARN_RANGE_LOOP_ANALYSIS = YES;
				CLANG_WARN_STRICT_PROTOTYPES = YES;
				CLANG_WARN_SUSPICIOUS_MOVE = YES;
				CLANG_WARN_UNGUARDED_AVAILABILITY = YES_AGGRESSIVE;
				CLANG_WARN_UNREACHABLE_CODE = YES;
				CLANG_WARN__DUPLICATE_METHOD_MATCH = YES;
				COPY_PHASE_STRIP = NO;
				DEBUG_INFORMATION_FORMAT = dwarf;
				ENABLE_STRICT_OBJC_MSGSEND = YES;
				ENABLE_TESTABILITY = YES;
				ENABLE_USER_SCRIPT_SANDBOXING = YES;
				GCC_C_LANGUAGE_STANDARD = gnu17;
				GCC_DYNAMIC_NO_PIC = NO;
				GCC_NO_COMMON_BLOCKS = YES;
				GCC_OPTIMIZATION_LEVEL = 0;
				GCC_PREPROCESSOR_DEFINITIONS = (
					"DEBUG=1",
					"$(inherited)",
				);
				GCC_WARN_64_TO_32_BIT_CONVERSION = YES;
				GCC_WARN_ABOUT_RETURN_TYPE = YES_ERROR;
				GCC_WARN_UNDECLARED_SELECTOR = YES;
				GCC_WARN_UNINITIALIZED_AUTOS = YES_AGGRESSIVE;
				GCC_WARN_UNUSED_FUNCTION = YES;
				GCC_WARN_UNUSED_VARIABLE = YES;
				IPHONEOS_DEPLOYMENT_TARGET = 17.2;
				LOCALIZATION_PREFERS_STRING_CATALOGS = YES;
				MTL_ENABLE_DEBUG_INFO = INCLUDE_SOURCE;
				MTL_FAST_MATH = YES;
				ONLY_ACTIVE_ARCH = YES;
				SDKROOT = iphoneos;
				SWIFT_ACTIVE_COMPILATION_CONDITIONS = "DEBUG $(inherited)";
				SWIFT_OPTIMIZATION_LEVEL = "-Onone";
			};
			name = Debug;
		};
		D43E51A02CF5EA3800916325 /* Release */ = {
			isa = XCBuildConfiguration;
			buildSettings = {
				ALWAYS_SEARCH_USER_PATHS = NO;
				ASSETCATALOG_COMPILER_GENERATE_SWIFT_ASSET_SYMBOL_EXTENSIONS = YES;
				CLANG_ANALYZER_NONNULL = YES;
				CLANG_ANALYZER_NUMBER_OBJECT_CONVERSION = YES_AGGRESSIVE;
				CLANG_CXX_LANGUAGE_STANDARD = "gnu++20";
				CLANG_ENABLE_MODULES = YES;
				CLANG_ENABLE_OBJC_ARC = YES;
				CLANG_ENABLE_OBJC_WEAK = YES;
				CLANG_WARN_BLOCK_CAPTURE_AUTORELEASING = YES;
				CLANG_WARN_BOOL_CONVERSION = YES;
				CLANG_WARN_COMMA = YES;
				CLANG_WARN_CONSTANT_CONVERSION = YES;
				CLANG_WARN_DEPRECATED_OBJC_IMPLEMENTATIONS = YES;
				CLANG_WARN_DIRECT_OBJC_ISA_USAGE = YES_ERROR;
				CLANG_WARN_DOCUMENTATION_COMMENTS = YES;
				CLANG_WARN_EMPTY_BODY = YES;
				CLANG_WARN_ENUM_CONVERSION = YES;
				CLANG_WARN_INFINITE_RECURSION = YES;
				CLANG_WARN_INT_CONVERSION = YES;
				CLANG_WARN_NON_LITERAL_NULL_CONVERSION = YES;
				CLANG_WARN_OBJC_IMPLICIT_RETAIN_SELF = YES;
				CLANG_WARN_OBJC_LITERAL_CONVERSION = YES;
				CLANG_WARN_OBJC_ROOT_CLASS = YES_ERROR;
				CLANG_WARN_QUOTED_INCLUDE_IN_FRAMEWORK_HEADER = YES;
				CLANG_WARN_RANGE_LOOP_ANALYSIS = YES;
				CLANG_WARN_STRICT_PROTOTYPES = YES;
				CLANG_WARN_SUSPICIOUS_MOVE = YES;
				CLANG_WARN_UNGUARDED_AVAILABILITY = YES_AGGRESSIVE;
				CLANG_WARN_UNREACHABLE_CODE = YES;
				CLANG_WARN__DUPLICATE_METHOD_MATCH = YES;
				COPY_PHASE_STRIP = NO;
				DEBUG_INFORMATION_FORMAT = "dwarf-with-dsym";
				ENABLE_NS_ASSERTIONS = NO;
				ENABLE_STRICT_OBJC_MSGSEND = YES;
				ENABLE_USER_SCRIPT_SANDBOXING = YES;
				GCC_C_LANGUAGE_STANDARD = gnu17;
				GCC_NO_COMMON_BLOCKS = YES;
				GCC_WARN_64_TO_32_BIT_CONVERSION = YES;
				GCC_WARN_ABOUT_RETURN_TYPE = YES_ERROR;
				GCC_WARN_UNDECLARED_SELECTOR = YES;
				GCC_WARN_UNINITIALIZED_AUTOS = YES_AGGRESSIVE;
				GCC_WARN_UNUSED_FUNCTION = YES;
				GCC_WARN_UNUSED_VARIABLE = YES;
				IPHONEOS_DEPLOYMENT_TARGET = 17.2;
				LOCALIZATION_PREFERS_STRING_CATALOGS = YES;
				MTL_ENABLE_DEBUG_INFO = NO;
				MTL_FAST_MATH = YES;
				SDKROOT = iphoneos;
				SWIFT_COMPILATION_MODE = wholemodule;
				VALIDATE_PRODUCT = YES;
			};
			name = Release;
		};
		D43E51A22CF5EA3800916325 /* Debug */ = {
			isa = XCBuildConfiguration;
			buildSettings = {
				ASSETCATALOG_COMPILER_APPICON_NAME = AppIcon;
				ASSETCATALOG_COMPILER_GLOBAL_ACCENT_COLOR_NAME = AccentColor;
				CODE_SIGN_STYLE = Automatic;
				CURRENT_PROJECT_VERSION = 1;
				GENERATE_INFOPLIST_FILE = YES;
				INFOPLIST_FILE = BetterJobzApp/Info.plist;
				INFOPLIST_KEY_CFBundleDisplayName = Betterjobz;
				INFOPLIST_KEY_UIApplicationSupportsIndirectInputEvents = YES;
				INFOPLIST_KEY_UILaunchStoryboardName = LaunchScreen.storyboard;
				INFOPLIST_KEY_UIMainStoryboardFile = Main;
				INFOPLIST_KEY_UISupportedInterfaceOrientations_iPad = "UIInterfaceOrientationPortrait UIInterfaceOrientationPortraitUpsideDown UIInterfaceOrientationLandscapeLeft UIInterfaceOrientationLandscapeRight";
				INFOPLIST_KEY_UISupportedInterfaceOrientations_iPhone = "UIInterfaceOrientationPortrait UIInterfaceOrientationLandscapeLeft UIInterfaceOrientationLandscapeRight";
				LD_RUNPATH_SEARCH_PATHS = (
					"$(inherited)",
					"@executable_path/Frameworks",
				);
				MARKETING_VERSION = 1.0;
				PRODUCT_BUNDLE_IDENTIFIER = bp.polytechnic.BetterJobzApp;
				PRODUCT_NAME = "$(TARGET_NAME)";
				SWIFT_EMIT_LOC_STRINGS = YES;
				SWIFT_VERSION = 5.0;
				TARGETED_DEVICE_FAMILY = "1,2";
			};
			name = Debug;
		};
		D43E51A32CF5EA3800916325 /* Release */ = {
			isa = XCBuildConfiguration;
			buildSettings = {
				ASSETCATALOG_COMPILER_APPICON_NAME = AppIcon;
				ASSETCATALOG_COMPILER_GLOBAL_ACCENT_COLOR_NAME = AccentColor;
				CODE_SIGN_STYLE = Automatic;
				CURRENT_PROJECT_VERSION = 1;
				GENERATE_INFOPLIST_FILE = YES;
				INFOPLIST_FILE = BetterJobzApp/Info.plist;
				INFOPLIST_KEY_CFBundleDisplayName = Betterjobz;
				INFOPLIST_KEY_UIApplicationSupportsIndirectInputEvents = YES;
				INFOPLIST_KEY_UILaunchStoryboardName = LaunchScreen.storyboard;
				INFOPLIST_KEY_UIMainStoryboardFile = Main;
				INFOPLIST_KEY_UISupportedInterfaceOrientations_iPad = "UIInterfaceOrientationPortrait UIInterfaceOrientationPortraitUpsideDown UIInterfaceOrientationLandscapeLeft UIInterfaceOrientationLandscapeRight";
				INFOPLIST_KEY_UISupportedInterfaceOrientations_iPhone = "UIInterfaceOrientationPortrait UIInterfaceOrientationLandscapeLeft UIInterfaceOrientationLandscapeRight";
				LD_RUNPATH_SEARCH_PATHS = (
					"$(inherited)",
					"@executable_path/Frameworks",
				);
				MARKETING_VERSION = 1.0;
				PRODUCT_BUNDLE_IDENTIFIER = bp.polytechnic.BetterJobzApp;
				PRODUCT_NAME = "$(TARGET_NAME)";
				SWIFT_EMIT_LOC_STRINGS = YES;
				SWIFT_VERSION = 5.0;
				TARGETED_DEVICE_FAMILY = "1,2";
			};
			name = Release;
		};
		D43E51A52CF5EA3800916325 /* Debug */ = {
			isa = XCBuildConfiguration;
			buildSettings = {
				ALWAYS_EMBED_SWIFT_STANDARD_LIBRARIES = YES;
				BUNDLE_LOADER = "$(TEST_HOST)";
				CODE_SIGN_STYLE = Automatic;
				CURRENT_PROJECT_VERSION = 1;
				GENERATE_INFOPLIST_FILE = YES;
				IPHONEOS_DEPLOYMENT_TARGET = 17.2;
				MARKETING_VERSION = 1.0;
				PRODUCT_BUNDLE_IDENTIFIER = bp.polytechnic.BetterJobzAppTests;
				PRODUCT_NAME = "$(TARGET_NAME)";
				SWIFT_EMIT_LOC_STRINGS = NO;
				SWIFT_VERSION = 5.0;
				TARGETED_DEVICE_FAMILY = "1,2";
				TEST_HOST = "$(BUILT_PRODUCTS_DIR)/BetterJobzApp.app/$(BUNDLE_EXECUTABLE_FOLDER_PATH)/BetterJobzApp";
			};
			name = Debug;
		};
		D43E51A62CF5EA3800916325 /* Release */ = {
			isa = XCBuildConfiguration;
			buildSettings = {
				ALWAYS_EMBED_SWIFT_STANDARD_LIBRARIES = YES;
				BUNDLE_LOADER = "$(TEST_HOST)";
				CODE_SIGN_STYLE = Automatic;
				CURRENT_PROJECT_VERSION = 1;
				GENERATE_INFOPLIST_FILE = YES;
				IPHONEOS_DEPLOYMENT_TARGET = 17.2;
				MARKETING_VERSION = 1.0;
				PRODUCT_BUNDLE_IDENTIFIER = bp.polytechnic.BetterJobzAppTests;
				PRODUCT_NAME = "$(TARGET_NAME)";
				SWIFT_EMIT_LOC_STRINGS = NO;
				SWIFT_VERSION = 5.0;
				TARGETED_DEVICE_FAMILY = "1,2";
				TEST_HOST = "$(BUILT_PRODUCTS_DIR)/BetterJobzApp.app/$(BUNDLE_EXECUTABLE_FOLDER_PATH)/BetterJobzApp";
			};
			name = Release;
		};
		D43E51A82CF5EA3800916325 /* Debug */ = {
			isa = XCBuildConfiguration;
			buildSettings = {
				ALWAYS_EMBED_SWIFT_STANDARD_LIBRARIES = YES;
				CODE_SIGN_STYLE = Automatic;
				CURRENT_PROJECT_VERSION = 1;
				GENERATE_INFOPLIST_FILE = YES;
				MARKETING_VERSION = 1.0;
				PRODUCT_BUNDLE_IDENTIFIER = bp.polytechnic.BetterJobzAppUITests;
				PRODUCT_NAME = "$(TARGET_NAME)";
				SWIFT_EMIT_LOC_STRINGS = NO;
				SWIFT_VERSION = 5.0;
				TARGETED_DEVICE_FAMILY = "1,2";
				TEST_TARGET_NAME = BetterJobzApp;
			};
			name = Debug;
		};
		D43E51A92CF5EA3800916325 /* Release */ = {
			isa = XCBuildConfiguration;
			buildSettings = {
				ALWAYS_EMBED_SWIFT_STANDARD_LIBRARIES = YES;
				CODE_SIGN_STYLE = Automatic;
				CURRENT_PROJECT_VERSION = 1;
				GENERATE_INFOPLIST_FILE = YES;
				MARKETING_VERSION = 1.0;
				PRODUCT_BUNDLE_IDENTIFIER = bp.polytechnic.BetterJobzAppUITests;
				PRODUCT_NAME = "$(TARGET_NAME)";
				SWIFT_EMIT_LOC_STRINGS = NO;
				SWIFT_VERSION = 5.0;
				TARGETED_DEVICE_FAMILY = "1,2";
				TEST_TARGET_NAME = BetterJobzApp;
			};
			name = Release;
		};
/* End XCBuildConfiguration section */

/* Begin XCConfigurationList section */
		D43E51722CF5EA3600916325 /* Build configuration list for PBXProject "BetterJobzApp" */ = {
			isa = XCConfigurationList;
			buildConfigurations = (
				D43E519F2CF5EA3800916325 /* Debug */,
				D43E51A02CF5EA3800916325 /* Release */,
			);
			defaultConfigurationIsVisible = 0;
			defaultConfigurationName = Release;
		};
		D43E51A12CF5EA3800916325 /* Build configuration list for PBXNativeTarget "BetterJobzApp" */ = {
			isa = XCConfigurationList;
			buildConfigurations = (
				D43E51A22CF5EA3800916325 /* Debug */,
				D43E51A32CF5EA3800916325 /* Release */,
			);
			defaultConfigurationIsVisible = 0;
			defaultConfigurationName = Release;
		};
		D43E51A42CF5EA3800916325 /* Build configuration list for PBXNativeTarget "BetterJobzAppTests" */ = {
			isa = XCConfigurationList;
			buildConfigurations = (
				D43E51A52CF5EA3800916325 /* Debug */,
				D43E51A62CF5EA3800916325 /* Release */,
			);
			defaultConfigurationIsVisible = 0;
			defaultConfigurationName = Release;
		};
		D43E51A72CF5EA3800916325 /* Build configuration list for PBXNativeTarget "BetterJobzAppUITests" */ = {
			isa = XCConfigurationList;
			buildConfigurations = (
				D43E51A82CF5EA3800916325 /* Debug */,
				D43E51A92CF5EA3800916325 /* Release */,
			);
			defaultConfigurationIsVisible = 0;
			defaultConfigurationName = Release;
		};
/* End XCConfigurationList section */

/* Begin XCRemoteSwiftPackageReference section */
		C3A8360C2CFC6AEE00A1AFB2 /* XCRemoteSwiftPackageReference "firebase-ios-sdk" */ = {
			isa = XCRemoteSwiftPackageReference;
			repositoryURL = "https://github.com/firebase/firebase-ios-sdk";
			requirement = {
				kind = upToNextMajorVersion;
				minimumVersion = 11.5.0;
			};
		};
/* End XCRemoteSwiftPackageReference section */

/* Begin XCSwiftPackageProductDependency section */
		C311BCD12CFF3C470063F268 /* FirebaseDatabase */ = {
			isa = XCSwiftPackageProductDependency;
			package = C3A8360C2CFC6AEE00A1AFB2 /* XCRemoteSwiftPackageReference "firebase-ios-sdk" */;
			productName = FirebaseDatabase;
		};
		C3A8360E2CFC6BF200A1AFB2 /* FirebaseCore */ = {
			isa = XCSwiftPackageProductDependency;
			package = C3A8360C2CFC6AEE00A1AFB2 /* XCRemoteSwiftPackageReference "firebase-ios-sdk" */;
			productName = FirebaseCore;
		};
		C3A836102CFC6C0200A1AFB2 /* FirebaseAnalyticsWithoutAdIdSupport */ = {
			isa = XCSwiftPackageProductDependency;
			package = C3A8360C2CFC6AEE00A1AFB2 /* XCRemoteSwiftPackageReference "firebase-ios-sdk" */;
			productName = FirebaseAnalyticsWithoutAdIdSupport;
		};
		C3A836122CFC6C0600A1AFB2 /* FirebaseAnalytics */ = {
			isa = XCSwiftPackageProductDependency;
			package = C3A8360C2CFC6AEE00A1AFB2 /* XCRemoteSwiftPackageReference "firebase-ios-sdk" */;
			productName = FirebaseAnalytics;
		};
		C3A836142CFC6C0A00A1AFB2 /* FirebaseAuth */ = {
			isa = XCSwiftPackageProductDependency;
			package = C3A8360C2CFC6AEE00A1AFB2 /* XCRemoteSwiftPackageReference "firebase-ios-sdk" */;
			productName = FirebaseAuth;
		};
/* End XCSwiftPackageProductDependency section */
	};
	rootObject = D43E516F2CF5EA3600916325 /* Project object */;
}
